Microsoft Visual Studio Solution File, Format Version 11.00
# Visual Studio 2008

Project("{7074673D-F380-FC22-6B40-6CE1759D2BD1}") = "MaximumDodo", "Assembly-CSharp-vs.csproj", "{5D2F9532-1275-57B2-1716-1556738E69CF}"
EndProject
Global
	GlobalSection(SolutionConfigurationPlatforms) = preSolution
		Debug|Any CPU = Debug|Any CPU
		Release|Any CPU = Release|Any CPU
	EndGlobalSection
	GlobalSection(ProjectConfigurationPlatforms) = postSolution
		{5D2F9532-1275-57B2-1716-1556738E69CF}.Debug|Any CPU.ActiveCfg = Debug|Any CPU
		{5D2F9532-1275-57B2-1716-1556738E69CF}.Debug|Any CPU.Build.0 = Debug|Any CPU
		{5D2F9532-1275-57B2-1716-1556738E69CF}.Release|Any CPU.ActiveCfg = Release|Any CPU
		{5D2F9532-1275-57B2-1716-1556738E69CF}.Release|Any CPU.Build.0 = Release|Any CPU
	EndGlobalSection
	GlobalSection(SolutionProperties) = preSolution
		HideSolutionNode = FALSE
	EndGlobalSection
																																																																																																					GlobalSection(MonoDevelopProperties) = preSolution
		StartupItem = Assembly-CSharp.csproj
		Policies = $0
		$0.TextStylePolicy = $1
		$1.inheritsSet = null
		$1.scope = text/x-csharp
		$0.CSharpFormattingPolicy = $2
		$2.inheritsSet = Mono
		$2.inheritsScope = text/x-csharp
		$2.scope = text/x-csharp
		$0.TextStylePolicy = $3
		$3.FileWidth = 120
		$3.TabWidth = 4
		$3.IndentWidth = 4
		$3.EolMarker = Unix
		$3.inheritsSet = Mono
		$3.inheritsScope = text/plain
		$3.scope = text/plain
	EndGlobalSection

EndGlobal
